# @generated - this file is auto-generated by `mise lock` https://mise.jdx.dev/dev-tools/mise-lock.html

[[tools.shellcheck]]
version = "0.10.0"
backend = "aqua:koalaman/shellcheck"

[tools.shellcheck."platforms.linux-arm64"]
url = "https://github.com/koalaman/shellcheck/releases/download/v0.10.0/shellcheck-v0.10.0.linux.aarch64.tar.xz"
url_api = "https://api.github.com/repos/koalaman/shellcheck/releases/assets/155543216"

[tools.shellcheck."platforms.linux-arm64-musl"]
url = "https://github.com/koalaman/shellcheck/releases/download/v0.10.0/shellcheck-v0.10.0.linux.aarch64.tar.xz"
url_api = "https://api.github.com/repos/koalaman/shellcheck/releases/assets/155543216"

[tools.shellcheck."platforms.linux-x64"]
url = "https://github.com/koalaman/shellcheck/releases/download/v0.10.0/shellcheck-v0.10.0.linux.x86_64.tar.xz"
url_api = "https://api.github.com/repos/koalaman/shellcheck/releases/assets/155543215"

[tools.shellcheck."platforms.linux-x64-musl"]
url = "https://github.com/koalaman/shellcheck/releases/download/v0.10.0/shellcheck-v0.10.0.linux.x86_64.tar.xz"
url_api = "https://api.github.com/repos/koalaman/shellcheck/releases/assets/155543215"

[tools.shellcheck."platforms.macos-arm64"]
url = "https://github.com/koalaman/shellcheck/releases/download/v0.10.0/shellcheck-v0.10.0.darwin.aarch64.tar.xz"
url_api = "https://api.github.com/repos/koalaman/shellcheck/releases/assets/155543213"

[tools.shellcheck."platforms.macos-x64"]
url = "https://github.com/koalaman/shellcheck/releases/download/v0.10.0/shellcheck-v0.10.0.darwin.x86_64.tar.xz"
url_api = "https://api.github.com/repos/koalaman/shellcheck/releases/assets/155543214"

[tools.shellcheck."platforms.windows-x64"]
url = "https://github.com/koalaman/shellcheck/releases/download/v0.10.0/shellcheck-v0.10.0.zip"
url_api = "https://api.github.com/repos/koalaman/shellcheck/releases/assets/155543220"

[[tools.shfmt]]
version = "3.10.0"
backend = "aqua:mvdan/sh"

[tools.shfmt."platforms.linux-arm64"]
checksum = "sha256:9d23013d56640e228732fd2a04a9ede0ab46bc2d764bf22a4a35fb1b14d707a8"
url = "https://github.com/mvdan/sh/releases/download/v3.10.0/shfmt_v3.10.0_linux_arm64"
url_api = "https://api.github.com/repos/mvdan/sh/releases/assets/200478161"

[tools.shfmt."platforms.linux-arm64-musl"]
checksum = "sha256:9d23013d56640e228732fd2a04a9ede0ab46bc2d764bf22a4a35fb1b14d707a8"
url = "https://github.com/mvdan/sh/releases/download/v3.10.0/shfmt_v3.10.0_linux_arm64"
url_api = "https://api.github.com/repos/mvdan/sh/releases/assets/200478161"

[tools.shfmt."platforms.linux-x64"]
checksum = "sha256:1f57a384d59542f8fac5f503da1f3ea44242f46dff969569e80b524d64b71dbc"
url = "https://github.com/mvdan/sh/releases/download/v3.10.0/shfmt_v3.10.0_linux_amd64"
url_api = "https://api.github.com/repos/mvdan/sh/releases/assets/200478166"

[tools.shfmt."platforms.linux-x64-musl"]
checksum = "sha256:1f57a384d59542f8fac5f503da1f3ea44242f46dff969569e80b524d64b71dbc"
url = "https://github.com/mvdan/sh/releases/download/v3.10.0/shfmt_v3.10.0_linux_amd64"
url_api = "https://api.github.com/repos/mvdan/sh/releases/assets/200478166"

[tools.shfmt."platforms.macos-arm64"]
checksum = "sha256:86030533a823c0a7cd92dee0f74094e5b901c3277b43def6337d5e19e56fe553"
url = "https://github.com/mvdan/sh/releases/download/v3.10.0/shfmt_v3.10.0_darwin_arm64"
url_api = "https://api.github.com/repos/mvdan/sh/releases/assets/200478162"

[tools.shfmt."platforms.macos-x64"]
checksum = "sha256:ef8d970b3f695a7e8e7d40730eedd2d935ab9599f78a365f319c515bc59d4c83"
url = "https://github.com/mvdan/sh/releases/download/v3.10.0/shfmt_v3.10.0_darwin_amd64"
url_api = "https://api.github.com/repos/mvdan/sh/releases/assets/200478164"

[tools.shfmt."platforms.windows-x64"]
checksum = "sha256:6e4c6acd38de7b4b1ba8f8082b9e688df8c9b861d3f8b2e7bb1b7270201a3587"
url = "https://github.com/mvdan/sh/releases/download/v3.10.0/shfmt_v3.10.0_windows_amd64.exe"
url_api = "https://api.github.com/repos/mvdan/sh/releases/assets/200478156"
